// !$*UTF8*$!
{
	archiveVersion = 1;
	classes = {
	};
	objectVersion = 46;
	objects = {

/* Begin PBXBuildFile section */
		B525EAC01DF3317D00EA7F3B /* LoginVC.swift in Sources */ = {isa = PBXBuildFile; fileRef = B525EABF1DF3317D00EA7F3B /* LoginVC.swift */; };
		B525EAC31DF3346300EA7F3B /* User.swift in Sources */ = {isa = PBXBuildFile; fileRef = B525EAC21DF3346300EA7F3B /* User.swift */; };
		B525EAC51DF3354500EA7F3B /* UserTypeEnum.swift in Sources */ = {isa = PBXBuildFile; fileRef = B525EAC41DF3354500EA7F3B /* UserTypeEnum.swift */; };
		B525EAC91DF351EA00EA7F3B /* RegistrationVC.swift in Sources */ = {isa = PBXBuildFile; fileRef = B525EAC81DF351EA00EA7F3B /* RegistrationVC.swift */; };
		B525EACD1DF390A400EA7F3B /* Application.storyboard in Resources */ = {isa = PBXBuildFile; fileRef = B525EACB1DF390A400EA7F3B /* Application.storyboard */; };
		B525EAD21DF4896100EA7F3B /* libsqlite3.tbd in Frameworks */ = {isa = PBXBuildFile; fileRef = B525EAD11DF4896100EA7F3B /* libsqlite3.tbd */; };
		B525EAD81DF48C3E00EA7F3B /* Data.swift in Sources */ = {isa = PBXBuildFile; fileRef = B525EAD71DF48C3E00EA7F3B /* Data.swift */; };
		B525EAE01DF4E81400EA7F3B /* SubmitWaterReportVC.swift in Sources */ = {isa = PBXBuildFile; fileRef = B525EADF1DF4E81400EA7F3B /* SubmitWaterReportVC.swift */; };
		B525EAE21DF4E84500EA7F3B /* MainAppVC.swift in Sources */ = {isa = PBXBuildFile; fileRef = B525EAE11DF4E84500EA7F3B /* MainAppVC.swift */; };
		B525EAE41DF4F08100EA7F3B /* WaterReport.swift in Sources */ = {isa = PBXBuildFile; fileRef = B525EAE31DF4F08100EA7F3B /* WaterReport.swift */; };
		B525EAE61DF4FCB600EA7F3B /* WaterReportListVC.swift in Sources */ = {isa = PBXBuildFile; fileRef = B525EAE51DF4FCB600EA7F3B /* WaterReportListVC.swift */; };
		B525EAEB1DF504C400EA7F3B /* WaterReportCell.swift in Sources */ = {isa = PBXBuildFile; fileRef = B525EAE91DF504C400EA7F3B /* WaterReportCell.swift */; };
		B525EAEC1DF504C400EA7F3B /* WaterReportCell.xib in Resources */ = {isa = PBXBuildFile; fileRef = B525EAEA1DF504C400EA7F3B /* WaterReportCell.xib */; };
		B59E68811DF32C7000DF424F /* WelcomeVC.swift in Sources */ = {isa = PBXBuildFile; fileRef = B59E68801DF32C7000DF424F /* WelcomeVC.swift */; };
		B5B508B11DF5ECC700FB4111 /* QualityReportCell.swift in Sources */ = {isa = PBXBuildFile; fileRef = B5B508AF1DF5ECC700FB4111 /* QualityReportCell.swift */; };
		B5B508B21DF5ECC700FB4111 /* QualityReportCell.xib in Resources */ = {isa = PBXBuildFile; fileRef = B5B508B01DF5ECC700FB4111 /* QualityReportCell.xib */; };
		B5B508B41DF5EF7900FB4111 /* SubmitQualityReportVC.swift in Sources */ = {isa = PBXBuildFile; fileRef = B5B508B31DF5EF7900FB4111 /* SubmitQualityReportVC.swift */; };
		B5B508B61DF5F01800FB4111 /* QualityReport.swift in Sources */ = {isa = PBXBuildFile; fileRef = B5B508B51DF5F01800FB4111 /* QualityReport.swift */; };
		B5B508B81DF62E7200FB4111 /* QualityReportListVC.swift in Sources */ = {isa = PBXBuildFile; fileRef = B5B508B71DF62E7200FB4111 /* QualityReportListVC.swift */; };
		B5B508BA1DF63F6300FB4111 /* UserListVC.swift in Sources */ = {isa = PBXBuildFile; fileRef = B5B508B91DF63F6300FB4111 /* UserListVC.swift */; };
		B5B508BD1DF6417900FB4111 /* UserCell.swift in Sources */ = {isa = PBXBuildFile; fileRef = B5B508BB1DF6417900FB4111 /* UserCell.swift */; };
		B5B508BE1DF6417900FB4111 /* UserCell.xib in Resources */ = {isa = PBXBuildFile; fileRef = B5B508BC1DF6417900FB4111 /* UserCell.xib */; };
		B5E482741DEE3C200064F373 /* AppDelegate.swift in Sources */ = {isa = PBXBuildFile; fileRef = B5E482731DEE3C200064F373 /* AppDelegate.swift */; };
		B5E482761DEE3C200064F373 /* ViewController.swift in Sources */ = {isa = PBXBuildFile; fileRef = B5E482751DEE3C200064F373 /* ViewController.swift */; };
		B5E482791DEE3C200064F373 /* Main.storyboard in Resources */ = {isa = PBXBuildFile; fileRef = B5E482771DEE3C200064F373 /* Main.storyboard */; };
		B5E4827B1DEE3C200064F373 /* Assets.xcassets in Resources */ = {isa = PBXBuildFile; fileRef = B5E4827A1DEE3C200064F373 /* Assets.xcassets */; };
		B5E4827E1DEE3C200064F373 /* LaunchScreen.storyboard in Resources */ = {isa = PBXBuildFile; fileRef = B5E4827C1DEE3C200064F373 /* LaunchScreen.storyboard */; };
		B5E482891DEE3C200064F373 /* Clean_Water_MappingTests.swift in Sources */ = {isa = PBXBuildFile; fileRef = B5E482881DEE3C200064F373 /* Clean_Water_MappingTests.swift */; };
		B5E482941DEE3C200064F373 /* Clean_Water_MappingUITests.swift in Sources */ = {isa = PBXBuildFile; fileRef = B5E482931DEE3C200064F373 /* Clean_Water_MappingUITests.swift */; };
/* End PBXBuildFile section */

/* Begin PBXContainerItemProxy section */
		B5E482851DEE3C200064F373 /* PBXContainerItemProxy */ = {
			isa = PBXContainerItemProxy;
			containerPortal = B5E482681DEE3C200064F373 /* Project object */;
			proxyType = 1;
			remoteGlobalIDString = B5E4826F1DEE3C200064F373;
			remoteInfo = "Clean Water Mapping";
		};
		B5E482901DEE3C200064F373 /* PBXContainerItemProxy */ = {
			isa = PBXContainerItemProxy;
			containerPortal = B5E482681DEE3C200064F373 /* Project object */;
			proxyType = 1;
			remoteGlobalIDString = B5E4826F1DEE3C200064F373;
			remoteInfo = "Clean Water Mapping";
		};
/* End PBXContainerItemProxy section */

/* Begin PBXFileReference section */
		B525EABF1DF3317D00EA7F3B /* LoginVC.swift */ = {isa = PBXFileReference; fileEncoding = 4; lastKnownFileType = sourcecode.swift; name = LoginVC.swift; path = controller/LoginVC.swift; sourceTree = "<group>"; };
		B525EAC21DF3346300EA7F3B /* User.swift */ = {isa = PBXFileReference; fileEncoding = 4; lastKnownFileType = sourcecode.swift; name = User.swift; path = model/User.swift; sourceTree = "<group>"; };
		B525EAC41DF3354500EA7F3B /* UserTypeEnum.swift */ = {isa = PBXFileReference; fileEncoding = 4; lastKnownFileType = sourcecode.swift; name = UserTypeEnum.swift; path = model/UserTypeEnum.swift; sourceTree = "<group>"; };
		B525EAC81DF351EA00EA7F3B /* RegistrationVC.swift */ = {isa = PBXFileReference; fileEncoding = 4; lastKnownFileType = sourcecode.swift; name = RegistrationVC.swift; path = controller/RegistrationVC.swift; sourceTree = "<group>"; };
		B525EACC1DF390A400EA7F3B /* Base */ = {isa = PBXFileReference; lastKnownFileType = file.storyboard; name = Base; path = Base.lproj/Application.storyboard; sourceTree = "<group>"; };
		B525EAD11DF4896100EA7F3B /* libsqlite3.tbd */ = {isa = PBXFileReference; lastKnownFileType = "sourcecode.text-based-dylib-definition"; name = libsqlite3.tbd; path = usr/lib/libsqlite3.tbd; sourceTree = SDKROOT; };
		B525EAD31DF489B600EA7F3B /* Clean Water Mapping-Bridging-Header.h */ = {isa = PBXFileReference; lastKnownFileType = sourcecode.c.h; path = "Clean Water Mapping-Bridging-Header.h"; sourceTree = "<group>"; };
		B525EAD71DF48C3E00EA7F3B /* Data.swift */ = {isa = PBXFileReference; fileEncoding = 4; lastKnownFileType = sourcecode.swift; path = Data.swift; sourceTree = "<group>"; };
		B525EADF1DF4E81400EA7F3B /* SubmitWaterReportVC.swift */ = {isa = PBXFileReference; fileEncoding = 4; lastKnownFileType = sourcecode.swift; name = SubmitWaterReportVC.swift; path = controller/SubmitWaterReportVC.swift; sourceTree = "<group>"; };
		B525EAE11DF4E84500EA7F3B /* MainAppVC.swift */ = {isa = PBXFileReference; fileEncoding = 4; lastKnownFileType = sourcecode.swift; path = MainAppVC.swift; sourceTree = "<group>"; };
		B525EAE31DF4F08100EA7F3B /* WaterReport.swift */ = {isa = PBXFileReference; fileEncoding = 4; lastKnownFileType = sourcecode.swift; path = WaterReport.swift; sourceTree = "<group>"; };
		B525EAE51DF4FCB600EA7F3B /* WaterReportListVC.swift */ = {isa = PBXFileReference; fileEncoding = 4; lastKnownFileType = sourcecode.swift; name = WaterReportListVC.swift; path = controller/WaterReportListVC.swift; sourceTree = "<group>"; };
		B525EAE91DF504C400EA7F3B /* WaterReportCell.swift */ = {isa = PBXFileReference; fileEncoding = 4; lastKnownFileType = sourcecode.swift; path = WaterReportCell.swift; sourceTree = "<group>"; };
		B525EAEA1DF504C400EA7F3B /* WaterReportCell.xib */ = {isa = PBXFileReference; fileEncoding = 4; lastKnownFileType = file.xib; path = WaterReportCell.xib; sourceTree = "<group>"; };
		B59E68801DF32C7000DF424F /* WelcomeVC.swift */ = {isa = PBXFileReference; fileEncoding = 4; lastKnownFileType = sourcecode.swift; name = WelcomeVC.swift; path = controller/WelcomeVC.swift; sourceTree = "<group>"; };
		B5B508AF1DF5ECC700FB4111 /* QualityReportCell.swift */ = {isa = PBXFileReference; fileEncoding = 4; lastKnownFileType = sourcecode.swift; path = QualityReportCell.swift; sourceTree = "<group>"; };
		B5B508B01DF5ECC700FB4111 /* QualityReportCell.xib */ = {isa = PBXFileReference; fileEncoding = 4; lastKnownFileType = file.xib; path = QualityReportCell.xib; sourceTree = "<group>"; };
		B5B508B31DF5EF7900FB4111 /* SubmitQualityReportVC.swift */ = {isa = PBXFileReference; fileEncoding = 4; lastKnownFileType = sourcecode.swift; name = SubmitQualityReportVC.swift; path = controller/SubmitQualityReportVC.swift; sourceTree = "<group>"; };
		B5B508B51DF5F01800FB4111 /* QualityReport.swift */ = {isa = PBXFileReference; fileEncoding = 4; lastKnownFileType = sourcecode.swift; name = QualityReport.swift; path = model/QualityReport.swift; sourceTree = "<group>"; };
		B5B508B71DF62E7200FB4111 /* QualityReportListVC.swift */ = {isa = PBXFileReference; fileEncoding = 4; lastKnownFileType = sourcecode.swift; name = QualityReportListVC.swift; path = controller/QualityReportListVC.swift; sourceTree = "<group>"; };
		B5B508B91DF63F6300FB4111 /* UserListVC.swift */ = {isa = PBXFileReference; fileEncoding = 4; lastKnownFileType = sourcecode.swift; name = UserListVC.swift; path = controller/UserListVC.swift; sourceTree = "<group>"; };
		B5B508BB1DF6417900FB4111 /* UserCell.swift */ = {isa = PBXFileReference; fileEncoding = 4; lastKnownFileType = sourcecode.swift; path = UserCell.swift; sourceTree = "<group>"; };
		B5B508BC1DF6417900FB4111 /* UserCell.xib */ = {isa = PBXFileReference; fileEncoding = 4; lastKnownFileType = file.xib; path = UserCell.xib; sourceTree = "<group>"; };
		B5E482701DEE3C200064F373 /* Clean Water Mapping.app */ = {isa = PBXFileReference; explicitFileType = wrapper.application; includeInIndex = 0; path = "Clean Water Mapping.app"; sourceTree = BUILT_PRODUCTS_DIR; };
		B5E482731DEE3C200064F373 /* AppDelegate.swift */ = {isa = PBXFileReference; lastKnownFileType = sourcecode.swift; path = AppDelegate.swift; sourceTree = "<group>"; };
		B5E482751DEE3C200064F373 /* ViewController.swift */ = {isa = PBXFileReference; lastKnownFileType = sourcecode.swift; path = ViewController.swift; sourceTree = "<group>"; };
		B5E482781DEE3C200064F373 /* Base */ = {isa = PBXFileReference; lastKnownFileType = file.storyboard; name = Base; path = Base.lproj/Main.storyboard; sourceTree = "<group>"; };
		B5E4827A1DEE3C200064F373 /* Assets.xcassets */ = {isa = PBXFileReference; lastKnownFileType = folder.assetcatalog; path = Assets.xcassets; sourceTree = "<group>"; };
		B5E4827D1DEE3C200064F373 /* Base */ = {isa = PBXFileReference; lastKnownFileType = file.storyboard; name = Base; path = Base.lproj/LaunchScreen.storyboard; sourceTree = "<group>"; };
		B5E4827F1DEE3C200064F373 /* Info.plist */ = {isa = PBXFileReference; lastKnownFileType = text.plist.xml; path = Info.plist; sourceTree = "<group>"; };
		B5E482841DEE3C200064F373 /* Clean Water MappingTests.xctest */ = {isa = PBXFileReference; explicitFileType = wrapper.cfbundle; includeInIndex = 0; path = "Clean Water MappingTests.xctest"; sourceTree = BUILT_PRODUCTS_DIR; };
		B5E482881DEE3C200064F373 /* Clean_Water_MappingTests.swift */ = {isa = PBXFileReference; lastKnownFileType = sourcecode.swift; path = Clean_Water_MappingTests.swift; sourceTree = "<group>"; };
		B5E4828A1DEE3C200064F373 /* Info.plist */ = {isa = PBXFileReference; lastKnownFileType = text.plist.xml; path = Info.plist; sourceTree = "<group>"; };
		B5E4828F1DEE3C200064F373 /* Clean Water MappingUITests.xctest */ = {isa = PBXFileReference; explicitFileType = wrapper.cfbundle; includeInIndex = 0; path = "Clean Water MappingUITests.xctest"; sourceTree = BUILT_PRODUCTS_DIR; };
		B5E482931DEE3C200064F373 /* Clean_Water_MappingUITests.swift */ = {isa = PBXFileReference; lastKnownFileType = sourcecode.swift; path = Clean_Water_MappingUITests.swift; sourceTree = "<group>"; };
		B5E482951DEE3C200064F373 /* Info.plist */ = {isa = PBXFileReference; lastKnownFileType = text.plist.xml; path = Info.plist; sourceTree = "<group>"; };
/* End PBXFileReference section */

/* Begin PBXFrameworksBuildPhase section */
		B5E4826D1DEE3C200064F373 /* Frameworks */ = {
			isa = PBXFrameworksBuildPhase;
			buildActionMask = 2147483647;
			files = (
				B525EAD21DF4896100EA7F3B /* libsqlite3.tbd in Frameworks */,
			);
			runOnlyForDeploymentPostprocessing = 0;
		};
		B5E482811DEE3C200064F373 /* Frameworks */ = {
			isa = PBXFrameworksBuildPhase;
			buildActionMask = 2147483647;
			files = (
			);
			runOnlyForDeploymentPostprocessing = 0;
		};
		B5E4828C1DEE3C200064F373 /* Frameworks */ = {
			isa = PBXFrameworksBuildPhase;
			buildActionMask = 2147483647;
			files = (
			);
			runOnlyForDeploymentPostprocessing = 0;
		};
/* End PBXFrameworksBuildPhase section */

/* Begin PBXGroup section */
		B525EAC11DF3344800EA7F3B /* Model */ = {
			isa = PBXGroup;
			children = (
				B525EAC21DF3346300EA7F3B /* User.swift */,
				B525EAC41DF3354500EA7F3B /* UserTypeEnum.swift */,
				B525EAE31DF4F08100EA7F3B /* WaterReport.swift */,
				B5B508B51DF5F01800FB4111 /* QualityReport.swift */,
			);
			name = Model;
			sourceTree = "<group>";
		};
		B525EACA1DF3907800EA7F3B /* Storyboards */ = {
			isa = PBXGroup;
			children = (
				B525EAE91DF504C400EA7F3B /* WaterReportCell.swift */,
				B525EAEA1DF504C400EA7F3B /* WaterReportCell.xib */,
				B5E482771DEE3C200064F373 /* Main.storyboard */,
				B5E4827C1DEE3C200064F373 /* LaunchScreen.storyboard */,
				B525EACB1DF390A400EA7F3B /* Application.storyboard */,
				B5B508AF1DF5ECC700FB4111 /* QualityReportCell.swift */,
				B5B508B01DF5ECC700FB4111 /* QualityReportCell.xib */,
				B5B508BB1DF6417900FB4111 /* UserCell.swift */,
				B5B508BC1DF6417900FB4111 /* UserCell.xib */,
			);
			name = Storyboards;
			sourceTree = "<group>";
		};
		B525EAD01DF4896100EA7F3B /* Frameworks */ = {
			isa = PBXGroup;
			children = (
				B525EAD11DF4896100EA7F3B /* libsqlite3.tbd */,
			);
			name = Frameworks;
			sourceTree = "<group>";
		};
		B59E68821DF32C7600DF424F /* VC */ = {
			isa = PBXGroup;
			children = (
				B59E68801DF32C7000DF424F /* WelcomeVC.swift */,
				B5E482751DEE3C200064F373 /* ViewController.swift */,
				B525EABF1DF3317D00EA7F3B /* LoginVC.swift */,
				B525EAC81DF351EA00EA7F3B /* RegistrationVC.swift */,
				B525EADF1DF4E81400EA7F3B /* SubmitWaterReportVC.swift */,
				B525EAE11DF4E84500EA7F3B /* MainAppVC.swift */,
				B525EAE51DF4FCB600EA7F3B /* WaterReportListVC.swift */,
				B5B508B31DF5EF7900FB4111 /* SubmitQualityReportVC.swift */,
				B5B508B71DF62E7200FB4111 /* QualityReportListVC.swift */,
				B5B508B91DF63F6300FB4111 /* UserListVC.swift */,
			);
			name = VC;
			sourceTree = "<group>";
		};
		B5E482671DEE3C200064F373 = {
			isa = PBXGroup;
			children = (
				B5E482721DEE3C200064F373 /* Clean Water Mapping */,
				B5E482871DEE3C200064F373 /* Clean Water MappingTests */,
				B5E482921DEE3C200064F373 /* Clean Water MappingUITests */,
				B5E482711DEE3C200064F373 /* Products */,
				B525EAD01DF4896100EA7F3B /* Frameworks */,
			);
			sourceTree = "<group>";
		};
		B5E482711DEE3C200064F373 /* Products */ = {
			isa = PBXGroup;
			children = (
				B5E482701DEE3C200064F373 /* Clean Water Mapping.app */,
				B5E482841DEE3C200064F373 /* Clean Water MappingTests.xctest */,
				B5E4828F1DEE3C200064F373 /* Clean Water MappingUITests.xctest */,
			);
			name = Products;
			sourceTree = "<group>";
		};
		B5E482721DEE3C200064F373 /* Clean Water Mapping */ = {
			isa = PBXGroup;
			children = (
				B525EAD71DF48C3E00EA7F3B /* Data.swift */,
				B525EAC11DF3344800EA7F3B /* Model */,
				B59E68821DF32C7600DF424F /* VC */,
				B5E482731DEE3C200064F373 /* AppDelegate.swift */,
				B525EACA1DF3907800EA7F3B /* Storyboards */,
				B5E4827A1DEE3C200064F373 /* Assets.xcassets */,
				B5E4827F1DEE3C200064F373 /* Info.plist */,
				B525EAD31DF489B600EA7F3B /* Clean Water Mapping-Bridging-Header.h */,
			);
			path = "Clean Water Mapping";
			sourceTree = "<group>";
		};
		B5E482871DEE3C200064F373 /* Clean Water MappingTests */ = {
			isa = PBXGroup;
			children = (
				B5E482881DEE3C200064F373 /* Clean_Water_MappingTests.swift */,
				B5E4828A1DEE3C200064F373 /* Info.plist */,
			);
			path = "Clean Water MappingTests";
			sourceTree = "<group>";
		};
		B5E482921DEE3C200064F373 /* Clean Water MappingUITests */ = {
			isa = PBXGroup;
			children = (
				B5E482931DEE3C200064F373 /* Clean_Water_MappingUITests.swift */,
				B5E482951DEE3C200064F373 /* Info.plist */,
			);
			path = "Clean Water MappingUITests";
			sourceTree = "<group>";
		};
/* End PBXGroup section */

/* Begin PBXNativeTarget section */
		B5E4826F1DEE3C200064F373 /* Clean Water Mapping */ = {
			isa = PBXNativeTarget;
			buildConfigurationList = B5E482981DEE3C200064F373 /* Build configuration list for PBXNativeTarget "Clean Water Mapping" */;
			buildPhases = (
				B5E4826C1DEE3C200064F373 /* Sources */,
				B5E4826D1DEE3C200064F373 /* Frameworks */,
				B5E4826E1DEE3C200064F373 /* Resources */,
			);
			buildRules = (
			);
			dependencies = (
			);
			name = "Clean Water Mapping";
			productName = "Clean Water Mapping";
			productReference = B5E482701DEE3C200064F373 /* Clean Water Mapping.app */;
			productType = "com.apple.product-type.application";
		};
		B5E482831DEE3C200064F373 /* Clean Water MappingTests */ = {
			isa = PBXNativeTarget;
			buildConfigurationList = B5E4829B1DEE3C200064F373 /* Build configuration list for PBXNativeTarget "Clean Water MappingTests" */;
			buildPhases = (
				B5E482801DEE3C200064F373 /* Sources */,
				B5E482811DEE3C200064F373 /* Frameworks */,
				B5E482821DEE3C200064F373 /* Resources */,
			);
			buildRules = (
			);
			dependencies = (
				B5E482861DEE3C200064F373 /* PBXTargetDependency */,
			);
			name = "Clean Water MappingTests";
			productName = "Clean Water MappingTests";
			productReference = B5E482841DEE3C200064F373 /* Clean Water MappingTests.xctest */;
			productType = "com.apple.product-type.bundle.unit-test";
		};
		B5E4828E1DEE3C200064F373 /* Clean Water MappingUITests */ = {
			isa = PBXNativeTarget;
			buildConfigurationList = B5E4829E1DEE3C200064F373 /* Build configuration list for PBXNativeTarget "Clean Water MappingUITests" */;
			buildPhases = (
				B5E4828B1DEE3C200064F373 /* Sources */,
				B5E4828C1DEE3C200064F373 /* Frameworks */,
				B5E4828D1DEE3C200064F373 /* Resources */,
			);
			buildRules = (
			);
			dependencies = (
				B5E482911DEE3C200064F373 /* PBXTargetDependency */,
			);
			name = "Clean Water MappingUITests";
			productName = "Clean Water MappingUITests";
			productReference = B5E4828F1DEE3C200064F373 /* Clean Water MappingUITests.xctest */;
			productType = "com.apple.product-type.bundle.ui-testing";
		};
/* End PBXNativeTarget section */

/* Begin PBXProject section */
		B5E482681DEE3C200064F373 /* Project object */ = {
			isa = PBXProject;
			attributes = {
				LastSwiftUpdateCheck = 0810;
				LastUpgradeCheck = 0810;
				ORGANIZATIONNAME = "Bits Please";
				TargetAttributes = {
					B5E4826F1DEE3C200064F373 = {
						CreatedOnToolsVersion = 8.1;
						LastSwiftMigration = 0810;
						ProvisioningStyle = Automatic;
					};
					B5E482831DEE3C200064F373 = {
						CreatedOnToolsVersion = 8.1;
						ProvisioningStyle = Automatic;
						TestTargetID = B5E4826F1DEE3C200064F373;
					};
					B5E4828E1DEE3C200064F373 = {
						CreatedOnToolsVersion = 8.1;
						ProvisioningStyle = Automatic;
						TestTargetID = B5E4826F1DEE3C200064F373;
					};
				};
			};
			buildConfigurationList = B5E4826B1DEE3C200064F373 /* Build configuration list for PBXProject "Clean Water Mapping" */;
			compatibilityVersion = "Xcode 3.2";
			developmentRegion = English;
			hasScannedForEncodings = 0;
			knownRegions = (
				en,
				Base,
			);
			mainGroup = B5E482671DEE3C200064F373;
			productRefGroup = B5E482711DEE3C200064F373 /* Products */;
			projectDirPath = "";
			projectRoot = "";
			targets = (
				B5E4826F1DEE3C200064F373 /* Clean Water Mapping */,
				B5E482831DEE3C200064F373 /* Clean Water MappingTests */,
				B5E4828E1DEE3C200064F373 /* Clean Water MappingUITests */,
			);
		};
/* End PBXProject section */

/* Begin PBXResourcesBuildPhase section */
		B5E4826E1DEE3C200064F373 /* Resources */ = {
			isa = PBXResourcesBuildPhase;
			buildActionMask = 2147483647;
			files = (
				B5E4827E1DEE3C200064F373 /* LaunchScreen.storyboard in Resources */,
				B5B508B21DF5ECC700FB4111 /* QualityReportCell.xib in Resources */,
				B525EACD1DF390A400EA7F3B /* Application.storyboard in Resources */,
				B5E4827B1DEE3C200064F373 /* Assets.xcassets in Resources */,
				B525EAEC1DF504C400EA7F3B /* WaterReportCell.xib in Resources */,
				B5E482791DEE3C200064F373 /* Main.storyboard in Resources */,
				B5B508BE1DF6417900FB4111 /* UserCell.xib in Resources */,
			);
			runOnlyForDeploymentPostprocessing = 0;
		};
		B5E482821DEE3C200064F373 /* Resources */ = {
			isa = PBXResourcesBuildPhase;
			buildActionMask = 2147483647;
			files = (
			);
			runOnlyForDeploymentPostprocessing = 0;
		};
		B5E4828D1DEE3C200064F373 /* Resources */ = {
			isa = PBXResourcesBuildPhase;
			buildActionMask = 2147483647;
			files = (
			);
			runOnlyForDeploymentPostprocessing = 0;
		};
/* End PBXResourcesBuildPhase section */

/* Begin PBXSourcesBuildPhase section */
		B5E4826C1DEE3C200064F373 /* Sources */ = {
			isa = PBXSourcesBuildPhase;
			buildActionMask = 2147483647;
			files = (
				B525EAE41DF4F08100EA7F3B /* WaterReport.swift in Sources */,
				B5B508B41DF5EF7900FB4111 /* SubmitQualityReportVC.swift in Sources */,
				B5B508B11DF5ECC700FB4111 /* QualityReportCell.swift in Sources */,
				B5B508B61DF5F01800FB4111 /* QualityReport.swift in Sources */,
				B525EAE21DF4E84500EA7F3B /* MainAppVC.swift in Sources */,
				B5B508BA1DF63F6300FB4111 /* UserListVC.swift in Sources */,
				B5B508BD1DF6417900FB4111 /* UserCell.swift in Sources */,
				B525EAE61DF4FCB600EA7F3B /* WaterReportListVC.swift in Sources */,
				B59E68811DF32C7000DF424F /* WelcomeVC.swift in Sources */,
				B525EAC51DF3354500EA7F3B /* UserTypeEnum.swift in Sources */,
				B525EAC91DF351EA00EA7F3B /* RegistrationVC.swift in Sources */,
				B5E482761DEE3C200064F373 /* ViewController.swift in Sources */,
				B525EAC01DF3317D00EA7F3B /* LoginVC.swift in Sources */,
				B525EAC31DF3346300EA7F3B /* User.swift in Sources */,
				B5B508B81DF62E7200FB4111 /* QualityReportListVC.swift in Sources */,
				B525EAE01DF4E81400EA7F3B /* SubmitWaterReportVC.swift in Sources */,
				B5E482741DEE3C200064F373 /* AppDelegate.swift in Sources */,
				B525EAEB1DF504C400EA7F3B /* WaterReportCell.swift in Sources */,
				B525EAD81DF48C3E00EA7F3B /* Data.swift in Sources */,
			);
			runOnlyForDeploymentPostprocessing = 0;
		};
		B5E482801DEE3C200064F373 /* Sources */ = {
			isa = PBXSourcesBuildPhase;
			buildActionMask = 2147483647;
			files = (
				B5E482891DEE3C200064F373 /* Clean_Water_MappingTests.swift in Sources */,
			);
			runOnlyForDeploymentPostprocessing = 0;
		};
		B5E4828B1DEE3C200064F373 /* Sources */ = {
			isa = PBXSourcesBuildPhase;
			buildActionMask = 2147483647;
			files = (
				B5E482941DEE3C200064F373 /* Clean_Water_MappingUITests.swift in Sources */,
			);
			runOnlyForDeploymentPostprocessing = 0;
		};
/* End PBXSourcesBuildPhase section */

/* Begin PBXTargetDependency section */
		B5E482861DEE3C200064F373 /* PBXTargetDependency */ = {
			isa = PBXTargetDependency;
			target = B5E4826F1DEE3C200064F373 /* Clean Water Mapping */;
			targetProxy = B5E482851DEE3C200064F373 /* PBXContainerItemProxy */;
		};
		B5E482911DEE3C200064F373 /* PBXTargetDependency */ = {
			isa = PBXTargetDependency;
			target = B5E4826F1DEE3C200064F373 /* Clean Water Mapping */;
			targetProxy = B5E482901DEE3C200064F373 /* PBXContainerItemProxy */;
		};
/* End PBXTargetDependency section */

/* Begin PBXVariantGroup section */
		B525EACB1DF390A400EA7F3B /* Application.storyboard */ = {
			isa = PBXVariantGroup;
			children = (
				B525EACC1DF390A400EA7F3B /* Base */,
			);
			name = Application.storyboard;
			sourceTree = "<group>";
		};
		B5E482771DEE3C200064F373 /* Main.storyboard */ = {
			isa = PBXVariantGroup;
			children = (
				B5E482781DEE3C200064F373 /* Base */,
			);
			name = Main.storyboard;
			sourceTree = "<group>";
		};
		B5E4827C1DEE3C200064F373 /* LaunchScreen.storyboard */ = {
			isa = PBXVariantGroup;
			children = (
				B5E4827D1DEE3C200064F373 /* Base */,
			);
			name = LaunchScreen.storyboard;
			sourceTree = "<group>";
		};
/* End PBXVariantGroup section */

/* Begin XCBuildConfiguration section */
		B5E482961DEE3C200064F373 /* Debug */ = {
			isa = XCBuildConfiguration;
			buildSettings = {
				ALWAYS_SEARCH_USER_PATHS = NO;
				CLANG_ANALYZER_NONNULL = YES;
				CLANG_CXX_LANGUAGE_STANDARD = "gnu++0x";
				CLANG_CXX_LIBRARY = "libc++";
				CLANG_ENABLE_MODULES = YES;
				CLANG_ENABLE_OBJC_ARC = YES;
				CLANG_WARN_BOOL_CONVERSION = YES;
				CLANG_WARN_CONSTANT_CONVERSION = YES;
				CLANG_WARN_DIRECT_OBJC_ISA_USAGE = YES_ERROR;
				CLANG_WARN_DOCUMENTATION_COMMENTS = YES;
				CLANG_WARN_EMPTY_BODY = YES;
				CLANG_WARN_ENUM_CONVERSION = YES;
				CLANG_WARN_INFINITE_RECURSION = YES;
				CLANG_WARN_INT_CONVERSION = YES;
				CLANG_WARN_OBJC_ROOT_CLASS = YES_ERROR;
				CLANG_WARN_SUSPICIOUS_MOVES = YES;
				CLANG_WARN_UNREACHABLE_CODE = YES;
				CLANG_WARN__DUPLICATE_METHOD_MATCH = YES;
				"CODE_SIGN_IDENTITY[sdk=iphoneos*]" = "iPhone Developer";
				COPY_PHASE_STRIP = NO;
				DEBUG_INFORMATION_FORMAT = dwarf;
				ENABLE_STRICT_OBJC_MSGSEND = YES;
				ENABLE_TESTABILITY = YES;
				GCC_C_LANGUAGE_STANDARD = gnu99;
				GCC_DYNAMIC_NO_PIC = NO;
				GCC_NO_COMMON_BLOCKS = YES;
				GCC_OPTIMIZATION_LEVEL = 0;
				GCC_PREPROCESSOR_DEFINITIONS = (
					"DEBUG=1",
					"$(inherited)",
				);
				GCC_WARN_64_TO_32_BIT_CONVERSION = YES;
				GCC_WARN_ABOUT_RETURN_TYPE = YES_ERROR;
				GCC_WARN_UNDECLARED_SELECTOR = YES;
				GCC_WARN_UNINITIALIZED_AUTOS = YES_AGGRESSIVE;
				GCC_WARN_UNUSED_FUNCTION = YES;
				GCC_WARN_UNUSED_VARIABLE = YES;
				IPHONEOS_DEPLOYMENT_TARGET = 10.1;
				MTL_ENABLE_DEBUG_INFO = YES;
				ONLY_ACTIVE_ARCH = YES;
				SDKROOT = iphoneos;
				SWIFT_ACTIVE_COMPILATION_CONDITIONS = DEBUG;
				SWIFT_OPTIMIZATION_LEVEL = "-Onone";
				TARGETED_DEVICE_FAMILY = "1,2";
			};
			name = Debug;
		};
		B5E482971DEE3C200064F373 /* Release */ = {
			isa = XCBuildConfiguration;
			buildSettings = {
				ALWAYS_SEARCH_USER_PATHS = NO;
				CLANG_ANALYZER_NONNULL = YES;
				CLANG_CXX_LANGUAGE_STANDARD = "gnu++0x";
				CLANG_CXX_LIBRARY = "libc++";
				CLANG_ENABLE_MODULES = YES;
				CLANG_ENABLE_OBJC_ARC = YES;
				CLANG_WARN_BOOL_CONVERSION = YES;
				CLANG_WARN_CONSTANT_CONVERSION = YES;
				CLANG_WARN_DIRECT_OBJC_ISA_USAGE = YES_ERROR;
				CLANG_WARN_DOCUMENTATION_COMMENTS = YES;
				CLANG_WARN_EMPTY_BODY = YES;
				CLANG_WARN_ENUM_CONVERSION = YES;
				CLANG_WARN_INFINITE_RECURSION = YES;
				CLANG_WARN_INT_CONVERSION = YES;
				CLANG_WARN_OBJC_ROOT_CLASS = YES_ERROR;
				CLANG_WARN_SUSPICIOUS_MOVES = YES;
				CLANG_WARN_UNREACHABLE_CODE = YES;
				CLANG_WARN__DUPLICATE_METHOD_MATCH = YES;
				"CODE_SIGN_IDENTITY[sdk=iphoneos*]" = "iPhone Developer";
				COPY_PHASE_STRIP = NO;
				DEBUG_INFORMATION_FORMAT = "dwarf-with-dsym";
				ENABLE_NS_ASSERTIONS = NO;
				ENABLE_STRICT_OBJC_MSGSEND = YES;
				GCC_C_LANGUAGE_STANDARD = gnu99;
				GCC_NO_COMMON_BLOCKS = YES;
				GCC_WARN_64_TO_32_BIT_CONVERSION = YES;
				GCC_WARN_ABOUT_RETURN_TYPE = YES_ERROR;
				GCC_WARN_UNDECLARED_SELECTOR = YES;
				GCC_WARN_UNINITIALIZED_AUTOS = YES_AGGRESSIVE;
				GCC_WARN_UNUSED_FUNCTION = YES;
				GCC_WARN_UNUSED_VARIABLE = YES;
				IPHONEOS_DEPLOYMENT_TARGET = 10.1;
				MTL_ENABLE_DEBUG_INFO = NO;
				SDKROOT = iphoneos;
				SWIFT_OPTIMIZATION_LEVEL = "-Owholemodule";
				TARGETED_DEVICE_FAMILY = "1,2";
				VALIDATE_PRODUCT = YES;
			};
			name = Release;
		};
		B5E482991DEE3C200064F373 /* Debug */ = {
			isa = XCBuildConfiguration;
			buildSettings = {
				ASSETCATALOG_COMPILER_APPICON_NAME = AppIcon;
				CLANG_ENABLE_MODULES = YES;
				INFOPLIST_FILE = "Clean Water Mapping/Info.plist";
				LD_RUNPATH_SEARCH_PATHS = "$(inherited) @executable_path/Frameworks";
				PRODUCT_BUNDLE_IDENTIFIER = "Bits-Please.Clean-Water-Mapping";
				PRODUCT_NAME = "$(TARGET_NAME)";
				SWIFT_OBJC_BRIDGING_HEADER = "Clean Water Mapping/Clean Water Mapping-Bridging-Header.h";
				SWIFT_OPTIMIZATION_LEVEL = "-Onone";
				SWIFT_VERSION = 3.0;
			};
			name = Debug;
		};
		B5E4829A1DEE3C200064F373 /* Release */ = {
			isa = XCBuildConfiguration;
			buildSettings = {
				ASSETCATALOG_COMPILER_APPICON_NAME = AppIcon;
				CLANG_ENABLE_MODULES = YES;
				INFOPLIST_FILE = "Clean Water Mapping/Info.plist";
				LD_RUNPATH_SEARCH_PATHS = "$(inherited) @executable_path/Frameworks";
				PRODUCT_BUNDLE_IDENTIFIER = "Bits-Please.Clean-Water-Mapping";
				PRODUCT_NAME = "$(TARGET_NAME)";
				SWIFT_OBJC_BRIDGING_HEADER = "Clean Water Mapping/Clean Water Mapping-Bridging-Header.h";
				SWIFT_VERSION = 3.0;
			};
			name = Release;
		};
		B5E4829C1DEE3C200064F373 /* Debug */ = {
			isa = XCBuildConfiguration;
			buildSettings = {
				ALWAYS_EMBED_SWIFT_STANDARD_LIBRARIES = YES;
				BUNDLE_LOADER = "$(TEST_HOST)";
				INFOPLIST_FILE = "Clean Water MappingTests/Info.plist";
				LD_RUNPATH_SEARCH_PATHS = "$(inherited) @executable_path/Frameworks @loader_path/Frameworks";
				PRODUCT_BUNDLE_IDENTIFIER = "Bits-Please.Clean-Water-MappingTests";
				PRODUCT_NAME = "$(TARGET_NAME)";
				SWIFT_VERSION = 3.0;
				TEST_HOST = "$(BUILT_PRODUCTS_DIR)/Clean Water Mapping.app/Clean Water Mapping";
			};
			name = Debug;
		};
		B5E4829D1DEE3C200064F373 /* Release */ = {
			isa = XCBuildConfiguration;
			buildSettings = {
				ALWAYS_EMBED_SWIFT_STANDARD_LIBRARIES = YES;
				BUNDLE_LOADER = "$(TEST_HOST)";
				INFOPLIST_FILE = "Clean Water MappingTests/Info.plist";
				LD_RUNPATH_SEARCH_PATHS = "$(inherited) @executable_path/Frameworks @loader_path/Frameworks";
				PRODUCT_BUNDLE_IDENTIFIER = "Bits-Please.Clean-Water-MappingTests";
				PRODUCT_NAME = "$(TARGET_NAME)";
				SWIFT_VERSION = 3.0;
				TEST_HOST = "$(BUILT_PRODUCTS_DIR)/Clean Water Mapping.app/Clean Water Mapping";
			};
			name = Release;
		};
		B5E4829F1DEE3C200064F373 /* Debug */ = {
			isa = XCBuildConfiguration;
			buildSettings = {
				ALWAYS_EMBED_SWIFT_STANDARD_LIBRARIES = YES;
				INFOPLIST_FILE = "Clean Water MappingUITests/Info.plist";
				LD_RUNPATH_SEARCH_PATHS = "$(inherited) @executable_path/Frameworks @loader_path/Frameworks";
				PRODUCT_BUNDLE_IDENTIFIER = "Bits-Please.Clean-Water-MappingUITests";
				PRODUCT_NAME = "$(TARGET_NAME)";
				SWIFT_VERSION = 3.0;
				TEST_TARGET_NAME = "Clean Water Mapping";
			};
			name = Debug;
		};
		B5E482A01DEE3C200064F373 /* Release */ = {
			isa = XCBuildConfiguration;
			buildSettings = {
				ALWAYS_EMBED_SWIFT_STANDARD_LIBRARIES = YES;
				INFOPLIST_FILE = "Clean Water MappingUITests/Info.plist";
				LD_RUNPATH_SEARCH_PATHS = "$(inherited) @executable_path/Frameworks @loader_path/Frameworks";
				PRODUCT_BUNDLE_IDENTIFIER = "Bits-Please.Clean-Water-MappingUITests";
				PRODUCT_NAME = "$(TARGET_NAME)";
				SWIFT_VERSION = 3.0;
				TEST_TARGET_NAME = "Clean Water Mapping";
			};
			name = Release;
		};
/* End XCBuildConfiguration section */

/* Begin XCConfigurationList section */
		B5E4826B1DEE3C200064F373 /* Build configuration list for PBXProject "Clean Water Mapping" */ = {
			isa = XCConfigurationList;
			buildConfigurations = (
				B5E482961DEE3C200064F373 /* Debug */,
				B5E482971DEE3C200064F373 /* Release */,
			);
			defaultConfigurationIsVisible = 0;
			defaultConfigurationName = Release;
		};
		B5E482981DEE3C200064F373 /* Build configuration list for PBXNativeTarget "Clean Water Mapping" */ = {
			isa = XCConfigurationList;
			buildConfigurations = (
				B5E482991DEE3C200064F373 /* Debug */,
				B5E4829A1DEE3C200064F373 /* Release */,
			);
			defaultConfigurationIsVisible = 0;
			defaultConfigurationName = Release;
		};
		B5E4829B1DEE3C200064F373 /* Build configuration list for PBXNativeTarget "Clean Water MappingTests" */ = {
			isa = XCConfigurationList;
			buildConfigurations = (
				B5E4829C1DEE3C200064F373 /* Debug */,
				B5E4829D1DEE3C200064F373 /* Release */,
			);
			defaultConfigurationIsVisible = 0;
			defaultConfigurationName = Release;
		};
		B5E4829E1DEE3C200064F373 /* Build configuration list for PBXNativeTarget "Clean Water MappingUITests" */ = {
			isa = XCConfigurationList;
			buildConfigurations = (
				B5E4829F1DEE3C200064F373 /* Debug */,
				B5E482A01DEE3C200064F373 /* Release */,
			);
			defaultConfigurationIsVisible = 0;
			defaultConfigurationName = Release;
		};
/* End XCConfigurationList section */
	};
	rootObject = B5E482681DEE3C200064F373 /* Project object */;
}
